{
  "nodes": {
    "caelestia-cli": {
      "inputs": {
        "caelestia-shell": "caelestia-shell",
        "nixpkgs": [
          "nixpkgs"
        ]
      },
      "locked": {
        "lastModified": 1780861138,
        "narHash": "sha256-b07kQZlHhkZ97Y+O0mrYVwfecV0TMxEi4JfG9NCRVbE=",
        "ref": "refs/heads/main",
        "rev": "6a65190eddd16fe60cd182244fe9a79029c0cdc4",
        "revCount": 534,
        "type": "git",
        "url": "file:///home/lbl/System_Maintenance/ChromaShell/cli"
      },
      "original": {
        "type": "git",
        "url": "file:///home/lbl/System_Maintenance/ChromaShell/cli"
      }
    },
    "caelestia-cli_2": {
      "inputs": {
        "caelestia-shell": [
          "caelestia-shell"
        ],
        "nixpkgs": [
          "caelestia-shell",
          "nixpkgs"
        ]
      },
      "locked": {
        "lastModified": 1778125502,
        "narHash": "sha256-QAAO9RCR6byVJi50l8RMVJWzrsNYbXonfR6tqU93vIQ=",
        "owner": "caelestia-dots",
        "repo": "cli",
        "rev": "7b8a4281aa8b2b12745de531cce0c65d87aea2e5",
        "type": "github"
      },
      "original": {
        "owner": "caelestia-dots",
        "repo": "cli",
        "type": "github"
      }
    },
    "caelestia-shell": {
      "inputs": {
        "caelestia-cli": [
          "caelestia-cli"
        ],
        "nixpkgs": [
          "caelestia-cli",
          "nixpkgs"
        ],
        "quickshell": "quickshell"
      },
      "locked": {
        "lastModified": 1780196414,
        "narHash": "sha256-iXmyWULTZuRd68xRL79e9GyYL9FZ6gfh6zl1PPlWX2A=",
        "owner": "caelestia-dots",
        "repo": "shell",
        "rev": "63bb82762bb29ac9b7fcd5b97839abae721ce860",
        "type": "github"
      },
      "original": {
        "owner": "caelestia-dots",
        "repo": "shell",
        "type": "github"
      }
    },
    "caelestia-shell_2": {
      "inputs": {
        "caelestia-cli": "caelestia-cli_2",
        "nixpkgs": [
          "nixpkgs"
        ],
        "quickshell": "quickshell_2"
      },
      "locked": {
        "lastModified": 1780845992,
        "narHash": "sha256-fHGXvKM5SbuCwvTnJirjTw0nO9QeoSy+cDz/xpg0Pww=",
        "ref": "refs/heads/main",
        "rev": "7e38cb13611c14373f8b7b01ac6249b4aedea0b1",
        "revCount": 2189,
        "type": "git",
        "url": "file:///home/lbl/System_Maintenance/ChromaShell/shell"
      },
      "original": {
        "type": "git",
        "url": "file:///home/lbl/System_Maintenance/ChromaShell/shell"
      }
    },
    "dotfiles": {
      "flake": false,
      "locked": {
        "lastModified": 1780233375,
        "narHash": "sha256-Zc1kY3UUTNyqrFzKMtDQPaFGMUB7Ewy+A1eRX0jVQsc=",
        "path": "/home/lbl/System_Maintenance/ChromaShell",
        "type": "path"
      },
      "original": {
        "owner": "SecLBL",
        "repo": "ChromaShell",
        "type": "github"
      }
    },
    "nixpkgs": {
      "locked": {
        "lastModified": 1779560665,
        "narHash": "sha256-tpyBcxPpcQb8ukyNF7DoCwfSY3VPsxHoYwj00Cayv5o=",
        "owner": "NixOS",
        "repo": "nixpkgs",
        "rev": "64c08a7ca051951c8eae34e3e3cb1e202fe36786",
        "type": "github"
      },
      "original": {
        "owner": "NixOS",
        "ref": "nixos-unstable",
        "repo": "nixpkgs",
        "type": "github"
      }
    },
    "quickshell": {
      "inputs": {
        "nixpkgs": [
          "caelestia-cli",
          "caelestia-shell",
          "nixpkgs"
        ]
      },
      "locked": {
        "lastModified": 1779430452,
        "narHash": "sha256-zTslhsxLqUlRTML506iougTGzyR38Fzhzn7t4KDEuuE=",
        "ref": "refs/heads/master",
        "rev": "4b4fca3224ab977dc515ac0bb78d00b3dfa71e00",
        "revCount": 819,
        "type": "git",
        "url": "https://git.outfoxxed.me/outfoxxed/quickshell"
      },
      "original": {
        "type": "git",
        "url": "https://git.outfoxxed.me/outfoxxed/quickshell"
      }
    },
    "quickshell_2": {
      "inputs": {
        "nixpkgs": [
          "caelestia-shell",
          "nixpkgs"
        ]
      },
      "locked": {
        "lastModified": 1778222427,
        "narHash": "sha256-6GFiP611nEJvtm+m03sMyfaVIJ9QOCi//hS+PPKyyPA=",
        "ref": "refs/heads/master",
        "rev": "d1760ed1f31c02a95b37a9bf4084129c829ebe7f",
        "revCount": 817,
        "type": "git",
        "url": "https://git.outfoxxed.me/outfoxxed/quickshell"
      },
      "original": {
        "type": "git",
        "url": "https://git.outfoxxed.me/outfoxxed/quickshell"
      }
    },
    "root": {
      "inputs": {
        "caelestia-cli": "caelestia-cli",
        "caelestia-shell": "caelestia-shell_2",
        "dotfiles": "dotfiles",
        "nixpkgs": "nixpkgs",
        "spicetify-nix": "spicetify-nix",
        "zen-browser": "zen-browser"
      }
    },
    "spicetify-nix": {
      "inputs": {
        "nixpkgs": [
          "nixpkgs"
        ],
        "systems": "systems"
      },
      "locked": {
        "lastModified": 1780213729,
        "narHash": "sha256-rdeBztPA6tiKp6gG4ihZAzeYGC9mYa2tAU4UIOLcZM0=",
        "owner": "Gerg-L",
        "repo": "spicetify-nix",
        "rev": "c679f3fa9fbe86903486a8f7ad71f99e26481d71",
        "type": "github"
      },
      "original": {
        "owner": "Gerg-L",
        "repo": "spicetify-nix",
        "type": "github"
      }
    },
    "systems": {
      "locked": {
        "lastModified": 1681028828,
        "narHash": "sha256-Vy1rq5AaRuLzOxct8nz4T6wlgyUR7zLU309k9mBC768=",
        "owner": "nix-systems",
        "repo": "default",
        "rev": "da67096a3b9bf56a91d16901293e51ba5b49a27e",
        "type": "github"
      },
      "original": {
        "owner": "nix-systems",
        "repo": "default",
        "type": "github"
      }
    },
    "zen-browser": {
      "inputs": {
        "nixpkgs": [
          "nixpkgs"
        ]
      },
      "locked": {
        "lastModified": 1779946062,
        "narHash": "sha256-M/2bCPYjiBTkDNV29J/00z10RM3yYnL9X74RqAHDme0=",
        "owner": "youwen5",
        "repo": "zen-browser-flake",
        "rev": "2e2c38ba20a3d614d0196e0aa44851547306e861",
        "type": "github"
      },
      "original": {
        "owner": "youwen5",
        "repo": "zen-browser-flake",
        "type": "github"
      }
    }
  },
  "root": "root",
  "version": 7
}
